// !$*UTF8*$!
{
	archiveVersion = 1;
	classes = {
	};
	objectVersion = 56;
	objects = {

/* Begin PBXBuildFile section */
		A1170CA92CB012BD00EBF018 /* AppDelegate.swift in Sources */ = {isa = PBXBuildFile; fileRef = A1170CA82CB012BD00EBF018 /* AppDelegate.swift */; };
		A1170CAB2CB012BD00EBF018 /* SceneDelegate.swift in Sources */ = {isa = PBXBuildFile; fileRef = A1170CAA2CB012BD00EBF018 /* SceneDelegate.swift */; };
		A1170CAD2CB012BD00EBF018 /* ViewController.swift in Sources */ = {isa = PBXBuildFile; fileRef = A1170CAC2CB012BD00EBF018 /* ViewController.swift */; };
		A1170CB02CB012BD00EBF018 /* Base in Resources */ = {isa = PBXBuildFile; fileRef = A1170CAF2CB012BD00EBF018 /* Base */; };
		A1170CB22CB012BE00EBF018 /* Assets.xcassets in Resources */ = {isa = PBXBuildFile; fileRef = A1170CB12CB012BE00EBF018 /* Assets.xcassets */; };
		A1170CB52CB012BE00EBF018 /* Base in Resources */ = {isa = PBXBuildFile; fileRef = A1170CB42CB012BE00EBF018 /* Base */; };
		A1170CC02CB012BF00EBF018 /* Week5Tests.swift in Sources */ = {isa = PBXBuildFile; fileRef = A1170CBF2CB012BF00EBF018 /* Week5Tests.swift */; };
		A1170CCA2CB012BF00EBF018 /* Week5UITests.swift in Sources */ = {isa = PBXBuildFile; fileRef = A1170CC92CB012BF00EBF018 /* Week5UITests.swift */; };
		A1170CCC2CB012BF00EBF018 /* Week5UITestsLaunchTests.swift in Sources */ = {isa = PBXBuildFile; fileRef = A1170CCB2CB012BF00EBF018 /* Week5UITestsLaunchTests.swift */; };
		A1170CDB2CB0156F00EBF018 /* blueViewController.swift in Sources */ = {isa = PBXBuildFile; fileRef = A1170CDA2CB0156F00EBF018 /* blueViewController.swift */; };
		A1170CDD2CB0157C00EBF018 /* redViewController.swift in Sources */ = {isa = PBXBuildFile; fileRef = A1170CDC2CB0157C00EBF018 /* redViewController.swift */; };
/* End PBXBuildFile section */

/* Begin PBXContainerItemProxy section */
		A1170CBC2CB012BF00EBF018 /* PBXContainerItemProxy */ = {
			isa = PBXContainerItemProxy;
			containerPortal = A1170C9D2CB012BD00EBF018 /* Project object */;
			proxyType = 1;
			remoteGlobalIDString = A1170CA42CB012BD00EBF018;
			remoteInfo = Week5;
		};
		A1170CC62CB012BF00EBF018 /* PBXContainerItemProxy */ = {
			isa = PBXContainerItemProxy;
			containerPortal = A1170C9D2CB012BD00EBF018 /* Project object */;
			proxyType = 1;
			remoteGlobalIDString = A1170CA42CB012BD00EBF018;
			remoteInfo = Week5;
		};
/* End PBXContainerItemProxy section */

/* Begin PBXFileReference section */
		A1170CA52CB012BD00EBF018 /* Week5.app */ = {isa = PBXFileReference; explicitFileType = wrapper.application; includeInIndex = 0; path = Week5.app; sourceTree = BUILT_PRODUCTS_DIR; };
		A1170CA82CB012BD00EBF018 /* AppDelegate.swift */ = {isa = PBXFileReference; lastKnownFileType = sourcecode.swift; path = AppDelegate.swift; sourceTree = "<group>"; };
		A1170CAA2CB012BD00EBF018 /* SceneDelegate.swift */ = {isa = PBXFileReference; lastKnownFileType = sourcecode.swift; path = SceneDelegate.swift; sourceTree = "<group>"; };
		A1170CAC2CB012BD00EBF018 /* ViewController.swift */ = {isa = PBXFileReference; lastKnownFileType = sourcecode.swift; path = ViewController.swift; sourceTree = "<group>"; };
		A1170CAF2CB012BD00EBF018 /* Base */ = {isa = PBXFileReference; lastKnownFileType = file.storyboard; name = Base; path = Base.lproj/Main.storyboard; sourceTree = "<group>"; };
		A1170CB12CB012BE00EBF018 /* Assets.xcassets */ = {isa = PBXFileReference; lastKnownFileType = folder.assetcatalog; path = Assets.xcassets; sourceTree = "<group>"; };
		A1170CB42CB012BE00EBF018 /* Base */ = {isa = PBXFileReference; lastKnownFileType = file.storyboard; name = Base; path = Base.lproj/LaunchScreen.storyboard; sourceTree = "<group>"; };
		A1170CB62CB012BE00EBF018 /* Info.plist */ = {isa = PBXFileReference; lastKnownFileType = text.plist.xml; path = Info.plist; sourceTree = "<group>"; };
		A1170CBB2CB012BF00EBF018 /* Week5Tests.xctest */ = {isa = PBXFileReference; explicitFileType = wrapper.cfbundle; includeInIndex = 0; path = Week5Tests.xctest; sourceTree = BUILT_PRODUCTS_DIR; };
		A1170CBF2CB012BF00EBF018 /* Week5Tests.swift */ = {isa = PBXFileReference; lastKnownFileType = sourcecode.swift; path = Week5Tests.swift; sourceTree = "<group>"; };
		A1170CC52CB012BF00EBF018 /* Week5UITests.xctest */ = {isa = PBXFileReference; explicitFileType = wrapper.cfbundle; includeInIndex = 0; path = Week5UITests.xctest; sourceTree = BUILT_PRODUCTS_DIR; };
		A1170CC92CB012BF00EBF018 /* Week5UITests.swift */ = {isa = PBXFileReference; lastKnownFileType = sourcecode.swift; path = Week5UITests.swift; sourceTree = "<group>"; };
		A1170CCB2CB012BF00EBF018 /* Week5UITestsLaunchTests.swift */ = {isa = PBXFileReference; lastKnownFileType = sourcecode.swift; path = Week5UITestsLaunchTests.swift; sourceTree = "<group>"; };
		A1170CDA2CB0156F00EBF018 /* blueViewController.swift */ = {isa = PBXFileReference; lastKnownFileType = sourcecode.swift; path = blueViewController.swift; sourceTree = "<group>"; };
		A1170CDC2CB0157C00EBF018 /* redViewController.swift */ = {isa = PBXFileReference; lastKnownFileType = sourcecode.swift; path = redViewController.swift; sourceTree = "<group>"; };
/* End PBXFileReference section */

/* Begin PBXFrameworksBuildPhase section */
		A1170CA22CB012BD00EBF018 /* Frameworks */ = {
			isa = PBXFrameworksBuildPhase;
			buildActionMask = 2147483647;
			files = (
			);
			runOnlyForDeploymentPostprocessing = 0;
		};
		A1170CB82CB012BF00EBF018 /* Frameworks */ = {
			isa = PBXFrameworksBuildPhase;
			buildActionMask = 2147483647;
			files = (
			);
			runOnlyForDeploymentPostprocessing = 0;
		};
		A1170CC22CB012BF00EBF018 /* Frameworks */ = {
			isa = PBXFrameworksBuildPhase;
			buildActionMask = 2147483647;
			files = (
			);
			runOnlyForDeploymentPostprocessing = 0;
		};
/* End PBXFrameworksBuildPhase section */

/* Begin PBXGroup section */
		A1170C9C2CB012BD00EBF018 = {
			isa = PBXGroup;
			children = (
				A1170CA72CB012BD00EBF018 /* Week5 */,
				A1170CBE2CB012BF00EBF018 /* Week5Tests */,
				A1170CC82CB012BF00EBF018 /* Week5UITests */,
				A1170CA62CB012BD00EBF018 /* Products */,
			);
			sourceTree = "<group>";
		};
		A1170CA62CB012BD00EBF018 /* Products */ = {
			isa = PBXGroup;
			children = (
				A1170CA52CB012BD00EBF018 /* Week5.app */,
				A1170CBB2CB012BF00EBF018 /* Week5Tests.xctest */,
				A1170CC52CB012BF00EBF018 /* Week5UITests.xctest */,
			);
			name = Products;
			sourceTree = "<group>";
		};
		A1170CA72CB012BD00EBF018 /* Week5 */ = {
			isa = PBXGroup;
			children = (
				A1170CA82CB012BD00EBF018 /* AppDelegate.swift */,
				A1170CAA2CB012BD00EBF018 /* SceneDelegate.swift */,
				A1170CAC2CB012BD00EBF018 /* ViewController.swift */,
				A1170CAE2CB012BD00EBF018 /* Main.storyboard */,
				A1170CB12CB012BE00EBF018 /* Assets.xcassets */,
				A1170CB32CB012BE00EBF018 /* LaunchScreen.storyboard */,
				A1170CB62CB012BE00EBF018 /* Info.plist */,
				A1170CDA2CB0156F00EBF018 /* blueViewController.swift */,
				A1170CDC2CB0157C00EBF018 /* redViewController.swift */,
			);
			path = Week5;
			sourceTree = "<group>";
		};
		A1170CBE2CB012BF00EBF018 /* Week5Tests */ = {
			isa = PBXGroup;
			children = (
				A1170CBF2CB012BF00EBF018 /* Week5Tests.swift */,
			);
			path = Week5Tests;
			sourceTree = "<group>";
		};
		A1170CC82CB012BF00EBF018 /* Week5UITests */ = {
			isa = PBXGroup;
			children = (
				A1170CC92CB012BF00EBF018 /* Week5UITests.swift */,
				A1170CCB2CB012BF00EBF018 /* Week5UITestsLaunchTests.swift */,
			);
			path = Week5UITests;
			sourceTree = "<group>";
		};
/* End PBXGroup section */

/* Begin PBXNativeTarget section */
		A1170CA42CB012BD00EBF018 /* Week5 */ = {
			isa = PBXNativeTarget;
			buildConfigurationList = A1170CCF2CB012BF00EBF018 /* Build configuration list for PBXNativeTarget "Week5" */;
			buildPhases = (
				A1170CA12CB012BD00EBF018 /* Sources */,
				A1170CA22CB012BD00EBF018 /* Frameworks */,
				A1170CA32CB012BD00EBF018 /* Resources */,
			);
			buildRules = (
			);
			dependencies = (
			);
			name = Week5;
			productName = Week5;
			productReference = A1170CA52CB012BD00EBF018 /* Week5.app */;
			productType = "com.apple.product-type.application";
		};
		A1170CBA2CB012BF00EBF018 /* Week5Tests */ = {
			isa = PBXNativeTarget;
			buildConfigurationList = A1170CD22CB012BF00EBF018 /* Build configuration list for PBXNativeTarget "Week5Tests" */;
			buildPhases = (
				A1170CB72CB012BF00EBF018 /* Sources */,
				A1170CB82CB012BF00EBF018 /* Frameworks */,
				A1170CB92CB012BF00EBF018 /* Resources */,
			);
			buildRules = (
			);
			dependencies = (
				A1170CBD2CB012BF00EBF018 /* PBXTargetDependency */,
			);
			name = Week5Tests;
			productName = Week5Tests;
			productReference = A1170CBB2CB012BF00EBF018 /* Week5Tests.xctest */;
			productType = "com.apple.product-type.bundle.unit-test";
		};
		A1170CC42CB012BF00EBF018 /* Week5UITests */ = {
			isa = PBXNativeTarget;
			buildConfigurationList = A1170CD52CB012BF00EBF018 /* Build configuration list for PBXNativeTarget "Week5UITests" */;
			buildPhases = (
				A1170CC12CB012BF00EBF018 /* Sources */,
				A1170CC22CB012BF00EBF018 /* Frameworks */,
				A1170CC32CB012BF00EBF018 /* Resources */,
			);
			buildRules = (
			);
			dependencies = (
				A1170CC72CB012BF00EBF018 /* PBXTargetDependency */,
			);
			name = Week5UITests;
			productName = Week5UITests;
			productReference = A1170CC52CB012BF00EBF018 /* Week5UITests.xctest */;
			productType = "com.apple.product-type.bundle.ui-testing";
		};
/* End PBXNativeTarget section */

/* Begin PBXProject section */
		A1170C9D2CB012BD00EBF018 /* Project object */ = {
			isa = PBXProject;
			attributes = {
				BuildIndependentTargetsInParallel = 1;
				LastSwiftUpdateCheck = 1540;
				LastUpgradeCheck = 1540;
				TargetAttributes = {
					A1170CA42CB012BD00EBF018 = {
						CreatedOnToolsVersion = 15.4;
					};
					A1170CBA2CB012BF00EBF018 = {
						CreatedOnToolsVersion = 15.4;
						TestTargetID = A1170CA42CB012BD00EBF018;
					};
					A1170CC42CB012BF00EBF018 = {
						CreatedOnToolsVersion = 15.4;
						TestTargetID = A1170CA42CB012BD00EBF018;
					};
				};
			};
			buildConfigurationList = A1170CA02CB012BD00EBF018 /* Build configuration list for PBXProject "Week5" */;
			compatibilityVersion = "Xcode 14.0";
			developmentRegion = en;
			hasScannedForEncodings = 0;
			knownRegions = (
				en,
				Base,
			);
			mainGroup = A1170C9C2CB012BD00EBF018;
			productRefGroup = A1170CA62CB012BD00EBF018 /* Products */;
			projectDirPath = "";
			projectRoot = "";
			targets = (
				A1170CA42CB012BD00EBF018 /* Week5 */,
				A1170CBA2CB012BF00EBF018 /* Week5Tests */,
				A1170CC42CB012BF00EBF018 /* Week5UITests */,
			);
		};
/* End PBXProject section */

/* Begin PBXResourcesBuildPhase section */
		A1170CA32CB012BD00EBF018 /* Resources */ = {
			isa = PBXResourcesBuildPhase;
			buildActionMask = 2147483647;
			files = (
				A1170CB22CB012BE00EBF018 /* Assets.xcassets in Resources */,
				A1170CB52CB012BE00EBF018 /* Base in Resources */,
				A1170CB02CB012BD00EBF018 /* Base in Resources */,
			);
			runOnlyForDeploymentPostprocessing = 0;
		};
		A1170CB92CB012BF00EBF018 /* Resources */ = {
			isa = PBXResourcesBuildPhase;
			buildActionMask = 2147483647;
			files = (
			);
			runOnlyForDeploymentPostprocessing = 0;
		};
		A1170CC32CB012BF00EBF018 /* Resources */ = {
			isa = PBXResourcesBuildPhase;
			buildActionMask = 2147483647;
			files = (
			);
			runOnlyForDeploymentPostprocessing = 0;
		};
/* End PBXResourcesBuildPhase section */

/* Begin PBXSourcesBuildPhase section */
		A1170CA12CB012BD00EBF018 /* Sources */ = {
			isa = PBXSourcesBuildPhase;
			buildActionMask = 2147483647;
			files = (
				A1170CAD2CB012BD00EBF018 /* ViewController.swift in Sources */,
				A1170CA92CB012BD00EBF018 /* AppDelegate.swift in Sources */,
				A1170CDD2CB0157C00EBF018 /* redViewController.swift in Sources */,
				A1170CDB2CB0156F00EBF018 /* blueViewController.swift in Sources */,
				A1170CAB2CB012BD00EBF018 /* SceneDelegate.swift in Sources */,
			);
			runOnlyForDeploymentPostprocessing = 0;
		};
		A1170CB72CB012BF00EBF018 /* Sources */ = {
			isa = PBXSourcesBuildPhase;
			buildActionMask = 2147483647;
			files = (
				A1170CC02CB012BF00EBF018 /* Week5Tests.swift in Sources */,
			);
			runOnlyForDeploymentPostprocessing = 0;
		};
		A1170CC12CB012BF00EBF018 /* Sources */ = {
			isa = PBXSourcesBuildPhase;
			buildActionMask = 2147483647;
			files = (
				A1170CCC2CB012BF00EBF018 /* Week5UITestsLaunchTests.swift in Sources */,
				A1170CCA2CB012BF00EBF018 /* Week5UITests.swift in Sources */,
			);
			runOnlyForDeploymentPostprocessing = 0;
		};
/* End PBXSourcesBuildPhase section */

/* Begin PBXTargetDependency section */
		A1170CBD2CB012BF00EBF018 /* PBXTargetDependency */ = {
			isa = PBXTargetDependency;
			target = A1170CA42CB012BD00EBF018 /* Week5 */;
			targetProxy = A1170CBC2CB012BF00EBF018 /* PBXContainerItemProxy */;
		};
		A1170CC72CB012BF00EBF018 /* PBXTargetDependency */ = {
			isa = PBXTargetDependency;
			target = A1170CA42CB012BD00EBF018 /* Week5 */;
			targetProxy = A1170CC62CB012BF00EBF018 /* PBXContainerItemProxy */;
		};
/* End PBXTargetDependency section */

/* Begin PBXVariantGroup section */
		A1170CAE2CB012BD00EBF018 /* Main.storyboard */ = {
			isa = PBXVariantGroup;
			children = (
				A1170CAF2CB012BD00EBF018 /* Base */,
			);
			name = Main.storyboard;
			sourceTree = "<group>";
		};
		A1170CB32CB012BE00EBF018 /* LaunchScreen.storyboard */ = {
			isa = PBXVariantGroup;
			children = (
				A1170CB42CB012BE00EBF018 /* Base */,
			);
			name = LaunchScreen.storyboard;
			sourceTree = "<group>";
		};
/* End PBXVariantGroup section */

/* Begin XCBuildConfiguration section */
		A1170CCD2CB012BF00EBF018 /* Debug */ = {
			isa = XCBuildConfiguration;
			buildSettings = {
				ALWAYS_SEARCH_USER_PATHS = NO;
				ASSETCATALOG_COMPILER_GENERATE_SWIFT_ASSET_SYMBOL_EXTENSIONS = YES;
				CLANG_ANALYZER_NONNULL = YES;
				CLANG_ANALYZER_NUMBER_OBJECT_CONVERSION = YES_AGGRESSIVE;
				CLANG_CXX_LANGUAGE_STANDARD = "gnu++20";
				CLANG_ENABLE_MODULES = YES;
				CLANG_ENABLE_OBJC_ARC = YES;
				CLANG_ENABLE_OBJC_WEAK = YES;
				CLANG_WARN_BLOCK_CAPTURE_AUTORELEASING = YES;
				CLANG_WARN_BOOL_CONVERSION = YES;
				CLANG_WARN_COMMA = YES;
				CLANG_WARN_CONSTANT_CONVERSION = YES;
				CLANG_WARN_DEPRECATED_OBJC_IMPLEMENTATIONS = YES;
				CLANG_WARN_DIRECT_OBJC_ISA_USAGE = YES_ERROR;
				CLANG_WARN_DOCUMENTATION_COMMENTS = YES;
				CLANG_WARN_EMPTY_BODY = YES;
				CLANG_WARN_ENUM_CONVERSION = YES;
				CLANG_WARN_INFINITE_RECURSION = YES;
				CLANG_WARN_INT_CONVERSION = YES;
				CLANG_WARN_NON_LITERAL_NULL_CONVERSION = YES;
				CLANG_WARN_OBJC_IMPLICIT_RETAIN_SELF = YES;
				CLANG_WARN_OBJC_LITERAL_CONVERSION = YES;
				CLANG_WARN_OBJC_ROOT_CLASS = YES_ERROR;
				CLANG_WARN_QUOTED_INCLUDE_IN_FRAMEWORK_HEADER = YES;
				CLANG_WARN_RANGE_LOOP_ANALYSIS = YES;
				CLANG_WARN_STRICT_PROTOTYPES = YES;
				CLANG_WARN_SUSPICIOUS_MOVE = YES;
				CLANG_WARN_UNGUARDED_AVAILABILITY = YES_AGGRESSIVE;
				CLANG_WARN_UNREACHABLE_CODE = YES;
				CLANG_WARN__DUPLICATE_METHOD_MATCH = YES;
				COPY_PHASE_STRIP = NO;
				DEBUG_INFORMATION_FORMAT = dwarf;
				ENABLE_STRICT_OBJC_MSGSEND = YES;
				ENABLE_TESTABILITY = YES;
				ENABLE_USER_SCRIPT_SANDBOXING = YES;
				GCC_C_LANGUAGE_STANDARD = gnu17;
				GCC_DYNAMIC_NO_PIC = NO;
				GCC_NO_COMMON_BLOCKS = YES;
				GCC_OPTIMIZATION_LEVEL = 0;
				GCC_PREPROCESSOR_DEFINITIONS = (
					"DEBUG=1",
					"$(inherited)",
				);
				GCC_WARN_64_TO_32_BIT_CONVERSION = YES;
				GCC_WARN_ABOUT_RETURN_TYPE = YES_ERROR;
				GCC_WARN_UNDECLARED_SELECTOR = YES;
				GCC_WARN_UNINITIALIZED_AUTOS = YES_AGGRESSIVE;
				GCC_WARN_UNUSED_FUNCTION = YES;
				GCC_WARN_UNUSED_VARIABLE = YES;
				IPHONEOS_DEPLOYMENT_TARGET = 17.5;
				LOCALIZATION_PREFERS_STRING_CATALOGS = YES;
				MTL_ENABLE_DEBUG_INFO = INCLUDE_SOURCE;
				MTL_FAST_MATH = YES;
				ONLY_ACTIVE_ARCH = YES;
				SDKROOT = iphoneos;
				SWIFT_ACTIVE_COMPILATION_CONDITIONS = "DEBUG $(inherited)";
				SWIFT_OPTIMIZATION_LEVEL = "-Onone";
			};
			name = Debug;
		};
		A1170CCE2CB012BF00EBF018 /* Release */ = {
			isa = XCBuildConfiguration;
			buildSettings = {
				ALWAYS_SEARCH_USER_PATHS = NO;
				ASSETCATALOG_COMPILER_GENERATE_SWIFT_ASSET_SYMBOL_EXTENSIONS = YES;
				CLANG_ANALYZER_NONNULL = YES;
				CLANG_ANALYZER_NUMBER_OBJECT_CONVERSION = YES_AGGRESSIVE;
				CLANG_CXX_LANGUAGE_STANDARD = "gnu++20";
				CLANG_ENABLE_MODULES = YES;
				CLANG_ENABLE_OBJC_ARC = YES;
				CLANG_ENABLE_OBJC_WEAK = YES;
				CLANG_WARN_BLOCK_CAPTURE_AUTORELEASING = YES;
				CLANG_WARN_BOOL_CONVERSION = YES;
				CLANG_WARN_COMMA = YES;
				CLANG_WARN_CONSTANT_CONVERSION = YES;
				CLANG_WARN_DEPRECATED_OBJC_IMPLEMENTATIONS = YES;
				CLANG_WARN_DIRECT_OBJC_ISA_USAGE = YES_ERROR;
				CLANG_WARN_DOCUMENTATION_COMMENTS = YES;
				CLANG_WARN_EMPTY_BODY = YES;
				CLANG_WARN_ENUM_CONVERSION = YES;
				CLANG_WARN_INFINITE_RECURSION = YES;
				CLANG_WARN_INT_CONVERSION = YES;
				CLANG_WARN_NON_LITERAL_NULL_CONVERSION = YES;
				CLANG_WARN_OBJC_IMPLICIT_RETAIN_SELF = YES;
				CLANG_WARN_OBJC_LITERAL_CONVERSION = YES;
				CLANG_WARN_OBJC_ROOT_CLASS = YES_ERROR;
				CLANG_WARN_QUOTED_INCLUDE_IN_FRAMEWORK_HEADER = YES;
				CLANG_WARN_RANGE_LOOP_ANALYSIS = YES;
				CLANG_WARN_STRICT_PROTOTYPES = YES;
				CLANG_WARN_SUSPICIOUS_MOVE = YES;
				CLANG_WARN_UNGUARDED_AVAILABILITY = YES_AGGRESSIVE;
				CLANG_WARN_UNREACHABLE_CODE = YES;
				CLANG_WARN__DUPLICATE_METHOD_MATCH = YES;
				COPY_PHASE_STRIP = NO;
				DEBUG_INFORMATION_FORMAT = "dwarf-with-dsym";
				ENABLE_NS_ASSERTIONS = NO;
				ENABLE_STRICT_OBJC_MSGSEND = YES;
				ENABLE_USER_SCRIPT_SANDBOXING = YES;
				GCC_C_LANGUAGE_STANDARD = gnu17;
				GCC_NO_COMMON_BLOCKS = YES;
				GCC_WARN_64_TO_32_BIT_CONVERSION = YES;
				GCC_WARN_ABOUT_RETURN_TYPE = YES_ERROR;
				GCC_WARN_UNDECLARED_SELECTOR = YES;
				GCC_WARN_UNINITIALIZED_AUTOS = YES_AGGRESSIVE;
				GCC_WARN_UNUSED_FUNCTION = YES;
				GCC_WARN_UNUSED_VARIABLE = YES;
				IPHONEOS_DEPLOYMENT_TARGET = 17.5;
				LOCALIZATION_PREFERS_STRING_CATALOGS = YES;
				MTL_ENABLE_DEBUG_INFO = NO;
				MTL_FAST_MATH = YES;
				SDKROOT = iphoneos;
				SWIFT_COMPILATION_MODE = wholemodule;
				VALIDATE_PRODUCT = YES;
			};
			name = Release;
		};
		A1170CD02CB012BF00EBF018 /* Debug */ = {
			isa = XCBuildConfiguration;
			buildSettings = {
				ASSETCATALOG_COMPILER_APPICON_NAME = AppIcon;
				ASSETCATALOG_COMPILER_GLOBAL_ACCENT_COLOR_NAME = AccentColor;
				CODE_SIGN_STYLE = Automatic;
				CURRENT_PROJECT_VERSION = 1;
				GENERATE_INFOPLIST_FILE = YES;
				INFOPLIST_FILE = Week5/Info.plist;
				INFOPLIST_KEY_UIApplicationSupportsIndirectInputEvents = YES;
				INFOPLIST_KEY_UILaunchStoryboardName = LaunchScreen;
				INFOPLIST_KEY_UIMainStoryboardFile = Main;
				INFOPLIST_KEY_UISupportedInterfaceOrientations_iPad = "UIInterfaceOrientationPortrait UIInterfaceOrientationPortraitUpsideDown UIInterfaceOrientationLandscapeLeft UIInterfaceOrientationLandscapeRight";
				INFOPLIST_KEY_UISupportedInterfaceOrientations_iPhone = "UIInterfaceOrientationPortrait UIInterfaceOrientationLandscapeLeft UIInterfaceOrientationLandscapeRight";
				LD_RUNPATH_SEARCH_PATHS = (
					"$(inherited)",
					"@executable_path/Frameworks",
				);
				MARKETING_VERSION = 1.0;
				PRODUCT_BUNDLE_IDENTIFIER = humber.ca.Week5;
				PRODUCT_NAME = "$(TARGET_NAME)";
				SWIFT_EMIT_LOC_STRINGS = YES;
				SWIFT_VERSION = 5.0;
				TARGETED_DEVICE_FAMILY = "1,2";
			};
			name = Debug;
		};
		A1170CD12CB012BF00EBF018 /* Release */ = {
			isa = XCBuildConfiguration;
			buildSettings = {
				ASSETCATALOG_COMPILER_APPICON_NAME = AppIcon;
				ASSETCATALOG_COMPILER_GLOBAL_ACCENT_COLOR_NAME = AccentColor;
				CODE_SIGN_STYLE = Automatic;
				CURRENT_PROJECT_VERSION = 1;
				GENERATE_INFOPLIST_FILE = YES;
				INFOPLIST_FILE = Week5/Info.plist;
				INFOPLIST_KEY_UIApplicationSupportsIndirectInputEvents = YES;
				INFOPLIST_KEY_UILaunchStoryboardName = LaunchScreen;
				INFOPLIST_KEY_UIMainStoryboardFile = Main;
				INFOPLIST_KEY_UISupportedInterfaceOrientations_iPad = "UIInterfaceOrientationPortrait UIInterfaceOrientationPortraitUpsideDown UIInterfaceOrientationLandscapeLeft UIInterfaceOrientationLandscapeRight";
				INFOPLIST_KEY_UISupportedInterfaceOrientations_iPhone = "UIInterfaceOrientationPortrait UIInterfaceOrientationLandscapeLeft UIInterfaceOrientationLandscapeRight";
				LD_RUNPATH_SEARCH_PATHS = (
					"$(inherited)",
					"@executable_path/Frameworks",
				);
				MARKETING_VERSION = 1.0;
				PRODUCT_BUNDLE_IDENTIFIER = humber.ca.Week5;
				PRODUCT_NAME = "$(TARGET_NAME)";
				SWIFT_EMIT_LOC_STRINGS = YES;
				SWIFT_VERSION = 5.0;
				TARGETED_DEVICE_FAMILY = "1,2";
			};
			name = Release;
		};
		A1170CD32CB012BF00EBF018 /* Debug */ = {
			isa = XCBuildConfiguration;
			buildSettings = {
				ALWAYS_EMBED_SWIFT_STANDARD_LIBRARIES = YES;
				BUNDLE_LOADER = "$(TEST_HOST)";
				CODE_SIGN_STYLE = Automatic;
				CURRENT_PROJECT_VERSION = 1;
				GENERATE_INFOPLIST_FILE = YES;
				IPHONEOS_DEPLOYMENT_TARGET = 17.5;
				MARKETING_VERSION = 1.0;
				PRODUCT_BUNDLE_IDENTIFIER = humber.ca.Week5Tests;
				PRODUCT_NAME = "$(TARGET_NAME)";
				SWIFT_EMIT_LOC_STRINGS = NO;
				SWIFT_VERSION = 5.0;
				TARGETED_DEVICE_FAMILY = "1,2";
				TEST_HOST = "$(BUILT_PRODUCTS_DIR)/Week5.app/$(BUNDLE_EXECUTABLE_FOLDER_PATH)/Week5";
			};
			name = Debug;
		};
		A1170CD42CB012BF00EBF018 /* Release */ = {
			isa = XCBuildConfiguration;
			buildSettings = {
				ALWAYS_EMBED_SWIFT_STANDARD_LIBRARIES = YES;
				BUNDLE_LOADER = "$(TEST_HOST)";
				CODE_SIGN_STYLE = Automatic;
				CURRENT_PROJECT_VERSION = 1;
				GENERATE_INFOPLIST_FILE = YES;
				IPHONEOS_DEPLOYMENT_TARGET = 17.5;
				MARKETING_VERSION = 1.0;
				PRODUCT_BUNDLE_IDENTIFIER = humber.ca.Week5Tests;
				PRODUCT_NAME = "$(TARGET_NAME)";
				SWIFT_EMIT_LOC_STRINGS = NO;
				SWIFT_VERSION = 5.0;
				TARGETED_DEVICE_FAMILY = "1,2";
				TEST_HOST = "$(BUILT_PRODUCTS_DIR)/Week5.app/$(BUNDLE_EXECUTABLE_FOLDER_PATH)/Week5";
			};
			name = Release;
		};
		A1170CD62CB012BF00EBF018 /* Debug */ = {
			isa = XCBuildConfiguration;
			buildSettings = {
				ALWAYS_EMBED_SWIFT_STANDARD_LIBRARIES = YES;
				CODE_SIGN_STYLE = Automatic;
				CURRENT_PROJECT_VERSION = 1;
				GENERATE_INFOPLIST_FILE = YES;
				MARKETING_VERSION = 1.0;
				PRODUCT_BUNDLE_IDENTIFIER = humber.ca.Week5UITests;
				PRODUCT_NAME = "$(TARGET_NAME)";
				SWIFT_EMIT_LOC_STRINGS = NO;
				SWIFT_VERSION = 5.0;
				TARGETED_DEVICE_FAMILY = "1,2";
				TEST_TARGET_NAME = Week5;
			};
			name = Debug;
		};
		A1170CD72CB012BF00EBF018 /* Release */ = {
			isa = XCBuildConfiguration;
			buildSettings = {
				ALWAYS_EMBED_SWIFT_STANDARD_LIBRARIES = YES;
				CODE_SIGN_STYLE = Automatic;
				CURRENT_PROJECT_VERSION = 1;
				GENERATE_INFOPLIST_FILE = YES;
				MARKETING_VERSION = 1.0;
				PRODUCT_BUNDLE_IDENTIFIER = humber.ca.Week5UITests;
				PRODUCT_NAME = "$(TARGET_NAME)";
				SWIFT_EMIT_LOC_STRINGS = NO;
				SWIFT_VERSION = 5.0;
				TARGETED_DEVICE_FAMILY = "1,2";
				TEST_TARGET_NAME = Week5;
			};
			name = Release;
		};
/* End XCBuildConfiguration section */

/* Begin XCConfigurationList section */
		A1170CA02CB012BD00EBF018 /* Build configuration list for PBXProject "Week5" */ = {
			isa = XCConfigurationList;
			buildConfigurations = (
				A1170CCD2CB012BF00EBF018 /* Debug */,
				A1170CCE2CB012BF00EBF018 /* Release */,
			);
			defaultConfigurationIsVisible = 0;
			defaultConfigurationName = Release;
		};
		A1170CCF2CB012BF00EBF018 /* Build configuration list for PBXNativeTarget "Week5" */ = {
			isa = XCConfigurationList;
			buildConfigurations = (
				A1170CD02CB012BF00EBF018 /* Debug */,
				A1170CD12CB012BF00EBF018 /* Release */,
			);
			defaultConfigurationIsVisible = 0;
			defaultConfigurationName = Release;
		};
		A1170CD22CB012BF00EBF018 /* Build configuration list for PBXNativeTarget "Week5Tests" */ = {
			isa = XCConfigurationList;
			buildConfigurations = (
				A1170CD32CB012BF00EBF018 /* Debug */,
				A1170CD42CB012BF00EBF018 /* Release */,
			);
			defaultConfigurationIsVisible = 0;
			defaultConfigurationName = Release;
		};
		A1170CD52CB012BF00EBF018 /* Build configuration list for PBXNativeTarget "Week5UITests" */ = {
			isa = XCConfigurationList;
			buildConfigurations = (
				A1170CD62CB012BF00EBF018 /* Debug */,
				A1170CD72CB012BF00EBF018 /* Release */,
			);
			defaultConfigurationIsVisible = 0;
			defaultConfigurationName = Release;
		};
/* End XCConfigurationList section */
	};
	rootObject = A1170C9D2CB012BD00EBF018 /* Project object */;
}
